
Microsoft Visual Studio Solution File, Format Version 12.00
# Visual Studio Version 16
VisualStudioVersion = 16.0.30621.155
MinimumVisualStudioVersion = 10.0.40219.1
Project("{9A19103F-16F7-4668-BE54-9A1E7A4F7556}") = "PersonsInfo", "PersonsInfo\PersonsInfo.csproj", "{741D99C9-5FA7-4F90-B027-732F8A975704}"
EndProject
Project("{FAE04EC0-301F-11D3-BF4B-00C04F79EFBC}") = "RecursionProperty", "RecursionProperty\RecursionProperty.csproj", "{EF0B22DF-3FC9-4526-9707-FAFEF136A2E4}"
EndProject
Project("{FAE04EC0-301F-11D3-BF4B-00C04F79EFBC}") = "MutablePrivateFields", "MutablePrivateFields\MutablePrivateFields.csproj", "{AA0C2F5C-7C4F-4C5A-9B91-34EB42A9A902}"
EndProject
Global
	GlobalSection(SolutionConfigurationPlatforms) = preSolution
		Debug|Any CPU = Debug|Any CPU
		Release|Any CPU = Release|Any CPU
	EndGlobalSection
	GlobalSection(ProjectConfigurationPlatforms) = postSolution
		{741D99C9-5FA7-4F90-B027-732F8A975704}.Debug|Any CPU.ActiveCfg = Debug|Any CPU
		{741D99C9-5FA7-4F90-B027-732F8A975704}.Debug|Any CPU.Build.0 = Debug|Any CPU
		{741D99C9-5FA7-4F90-B027-732F8A975704}.Release|Any CPU.ActiveCfg = Release|Any CPU
		{741D99C9-5FA7-4F90-B027-732F8A975704}.Release|Any CPU.Build.0 = Release|Any CPU
		{EF0B22DF-3FC9-4526-9707-FAFEF136A2E4}.Debug|Any CPU.ActiveCfg = Debug|Any CPU
		{EF0B22DF-3FC9-4526-9707-FAFEF136A2E4}.Debug|Any CPU.Build.0 = Debug|Any CPU
		{EF0B22DF-3FC9-4526-9707-FAFEF136A2E4}.Release|Any CPU.ActiveCfg = Release|Any CPU
		{EF0B22DF-3FC9-4526-9707-FAFEF136A2E4}.Release|Any CPU.Build.0 = Release|Any CPU
		{AA0C2F5C-7C4F-4C5A-9B91-34EB42A9A902}.Debug|Any CPU.ActiveCfg = Debug|Any CPU
		{AA0C2F5C-7C4F-4C5A-9B91-34EB42A9A902}.Debug|Any CPU.Build.0 = Debug|Any CPU
		{AA0C2F5C-7C4F-4C5A-9B91-34EB42A9A902}.Release|Any CPU.ActiveCfg = Release|Any CPU
		{AA0C2F5C-7C4F-4C5A-9B91-34EB42A9A902}.Release|Any CPU.Build.0 = Release|Any CPU
	EndGlobalSection
	GlobalSection(SolutionProperties) = preSolution
		HideSolutionNode = FALSE
	EndGlobalSection
	GlobalSection(ExtensibilityGlobals) = postSolution
		SolutionGuid = {8ED455ED-1EFE-4CAD-AD24-75447E0BB67A}
	EndGlobalSection
EndGlobal
