
Microsoft Visual Studio Solution File, Format Version 12.00
# Visual Studio Version 16
VisualStudioVersion = 16.0.30621.155
MinimumVisualStudioVersion = 10.0.40219.1
Project("{FAE04EC0-301F-11D3-BF4B-00C04F79EFBC}") = "PersonsInfo", "PersonsInfo\PersonsInfo.csproj", "{569F3628-A336-4D05-808C-7C9C513866DA}"
EndProject
Global
	GlobalSection(SolutionConfigurationPlatforms) = preSolution
		Debug|Any CPU = Debug|Any CPU
		Release|Any CPU = Release|Any CPU
	EndGlobalSection
	GlobalSection(ProjectConfigurationPlatforms) = postSolution
		{569F3628-A336-4D05-808C-7C9C513866DA}.Debug|Any CPU.ActiveCfg = Debug|Any CPU
		{569F3628-A336-4D05-808C-7C9C513866DA}.Debug|Any CPU.Build.0 = Debug|Any CPU
		{569F3628-A336-4D05-808C-7C9C513866DA}.Release|Any CPU.ActiveCfg = Release|Any CPU
		{569F3628-A336-4D05-808C-7C9C513866DA}.Release|Any CPU.Build.0 = Release|Any CPU
	EndGlobalSection
	GlobalSection(SolutionProperties) = preSolution
		HideSolutionNode = FALSE
	EndGlobalSection
	GlobalSection(ExtensibilityGlobals) = postSolution
		SolutionGuid = {9503E028-3725-4C7C-B04F-93FC3FCA95D7}
	EndGlobalSection
EndGlobal
