
Microsoft Visual Studio Solution File, Format Version 12.00
# Visual Studio Version 16
VisualStudioVersion = 16.0.30621.155
MinimumVisualStudioVersion = 10.0.40219.1
Project("{FAE04EC0-301F-11D3-BF4B-00C04F79EFBC}") = "PersonInfo", "PersonInfo\PersonInfo.csproj", "{10468FC3-75BA-4CC5-AD74-9E4AA9286D31}"
EndProject
Project("{FAE04EC0-301F-11D3-BF4B-00C04F79EFBC}") = "MultipleImplementation", "MultipleImplementation\MultipleImplementation.csproj", "{1AA3FFB8-4629-46B0-81A3-C0A78BAA8003}"
EndProject
Project("{FAE04EC0-301F-11D3-BF4B-00C04F79EFBC}") = "Telephony", "Telephony\Telephony.csproj", "{2382B13C-FC2A-464B-B999-1ED07578A730}"
EndProject
Global
	GlobalSection(SolutionConfigurationPlatforms) = preSolution
		Debug|Any CPU = Debug|Any CPU
		Release|Any CPU = Release|Any CPU
	EndGlobalSection
	GlobalSection(ProjectConfigurationPlatforms) = postSolution
		{10468FC3-75BA-4CC5-AD74-9E4AA9286D31}.Debug|Any CPU.ActiveCfg = Debug|Any CPU
		{10468FC3-75BA-4CC5-AD74-9E4AA9286D31}.Debug|Any CPU.Build.0 = Debug|Any CPU
		{10468FC3-75BA-4CC5-AD74-9E4AA9286D31}.Release|Any CPU.ActiveCfg = Release|Any CPU
		{10468FC3-75BA-4CC5-AD74-9E4AA9286D31}.Release|Any CPU.Build.0 = Release|Any CPU
		{1AA3FFB8-4629-46B0-81A3-C0A78BAA8003}.Debug|Any CPU.ActiveCfg = Debug|Any CPU
		{1AA3FFB8-4629-46B0-81A3-C0A78BAA8003}.Debug|Any CPU.Build.0 = Debug|Any CPU
		{1AA3FFB8-4629-46B0-81A3-C0A78BAA8003}.Release|Any CPU.ActiveCfg = Release|Any CPU
		{1AA3FFB8-4629-46B0-81A3-C0A78BAA8003}.Release|Any CPU.Build.0 = Release|Any CPU
		{2382B13C-FC2A-464B-B999-1ED07578A730}.Debug|Any CPU.ActiveCfg = Debug|Any CPU
		{2382B13C-FC2A-464B-B999-1ED07578A730}.Debug|Any CPU.Build.0 = Debug|Any CPU
		{2382B13C-FC2A-464B-B999-1ED07578A730}.Release|Any CPU.ActiveCfg = Release|Any CPU
		{2382B13C-FC2A-464B-B999-1ED07578A730}.Release|Any CPU.Build.0 = Release|Any CPU
	EndGlobalSection
	GlobalSection(SolutionProperties) = preSolution
		HideSolutionNode = FALSE
	EndGlobalSection
	GlobalSection(ExtensibilityGlobals) = postSolution
		SolutionGuid = {978ACEF8-16FE-4221-B309-37BC8B469CF9}
	EndGlobalSection
EndGlobal
