
Microsoft Visual Studio Solution File, Format Version 12.00
# Visual Studio Version 16
VisualStudioVersion = 16.0.30621.155
MinimumVisualStudioVersion = 10.0.40219.1
Project("{9A19103F-16F7-4668-BE54-9A1E7A4F7556}") = "Demo", "Demo\Demo.csproj", "{E27749D8-E214-4B79-958C-6AA480F901EF}"
EndProject
Project("{9A19103F-16F7-4668-BE54-9A1E7A4F7556}") = "DemoTwo", "DemoTwo\DemoTwo.csproj", "{62C74177-497C-49D3-BB80-61B482035C6F}"
EndProject
Project("{9A19103F-16F7-4668-BE54-9A1E7A4F7556}") = "DemoThree", "DemoThree\DemoThree.csproj", "{9EA51EBF-E66C-4476-84F7-12382B9C6160}"
EndProject
Project("{9A19103F-16F7-4668-BE54-9A1E7A4F7556}") = "CustomException", "CustomException\CustomException.csproj", "{6DC09FF2-5D2B-4E28-9AA6-903E72BA266A}"
EndProject
Project("{FAE04EC0-301F-11D3-BF4B-00C04F79EFBC}") = "DemoFour", "DemoFour\DemoFour.csproj", "{FDDBA67D-FB92-4695-AC2F-F6DBBBB7DCB4}"
EndProject
Global
	GlobalSection(SolutionConfigurationPlatforms) = preSolution
		Debug|Any CPU = Debug|Any CPU
		Release|Any CPU = Release|Any CPU
	EndGlobalSection
	GlobalSection(ProjectConfigurationPlatforms) = postSolution
		{E27749D8-E214-4B79-958C-6AA480F901EF}.Debug|Any CPU.ActiveCfg = Debug|Any CPU
		{E27749D8-E214-4B79-958C-6AA480F901EF}.Debug|Any CPU.Build.0 = Debug|Any CPU
		{E27749D8-E214-4B79-958C-6AA480F901EF}.Release|Any CPU.ActiveCfg = Release|Any CPU
		{E27749D8-E214-4B79-958C-6AA480F901EF}.Release|Any CPU.Build.0 = Release|Any CPU
		{62C74177-497C-49D3-BB80-61B482035C6F}.Debug|Any CPU.ActiveCfg = Debug|Any CPU
		{62C74177-497C-49D3-BB80-61B482035C6F}.Debug|Any CPU.Build.0 = Debug|Any CPU
		{62C74177-497C-49D3-BB80-61B482035C6F}.Release|Any CPU.ActiveCfg = Release|Any CPU
		{62C74177-497C-49D3-BB80-61B482035C6F}.Release|Any CPU.Build.0 = Release|Any CPU
		{9EA51EBF-E66C-4476-84F7-12382B9C6160}.Debug|Any CPU.ActiveCfg = Debug|Any CPU
		{9EA51EBF-E66C-4476-84F7-12382B9C6160}.Debug|Any CPU.Build.0 = Debug|Any CPU
		{9EA51EBF-E66C-4476-84F7-12382B9C6160}.Release|Any CPU.ActiveCfg = Release|Any CPU
		{9EA51EBF-E66C-4476-84F7-12382B9C6160}.Release|Any CPU.Build.0 = Release|Any CPU
		{6DC09FF2-5D2B-4E28-9AA6-903E72BA266A}.Debug|Any CPU.ActiveCfg = Debug|Any CPU
		{6DC09FF2-5D2B-4E28-9AA6-903E72BA266A}.Debug|Any CPU.Build.0 = Debug|Any CPU
		{6DC09FF2-5D2B-4E28-9AA6-903E72BA266A}.Release|Any CPU.ActiveCfg = Release|Any CPU
		{6DC09FF2-5D2B-4E28-9AA6-903E72BA266A}.Release|Any CPU.Build.0 = Release|Any CPU
		{FDDBA67D-FB92-4695-AC2F-F6DBBBB7DCB4}.Debug|Any CPU.ActiveCfg = Debug|Any CPU
		{FDDBA67D-FB92-4695-AC2F-F6DBBBB7DCB4}.Debug|Any CPU.Build.0 = Debug|Any CPU
		{FDDBA67D-FB92-4695-AC2F-F6DBBBB7DCB4}.Release|Any CPU.ActiveCfg = Release|Any CPU
		{FDDBA67D-FB92-4695-AC2F-F6DBBBB7DCB4}.Release|Any CPU.Build.0 = Release|Any CPU
	EndGlobalSection
	GlobalSection(SolutionProperties) = preSolution
		HideSolutionNode = FALSE
	EndGlobalSection
	GlobalSection(ExtensibilityGlobals) = postSolution
		SolutionGuid = {FE24CCE9-3C40-424F-AAD5-70C4576DAA58}
	EndGlobalSection
EndGlobal
